
Microsoft Visual Studio Solution File, Format Version 12.00
# Visual Studio Version 17
VisualStudioVersion = 17.10.35013.160
MinimumVisualStudioVersion = 10.0.40219.1
Project("{9A19103F-16F7-4668-BE54-9A1E7A4F7556}") = "SMM.WebApi", "SMM.WebApi.csproj", "{56AE8F7A-8F19-469F-AF50-12D132447A99}"
EndProject
Project("{FAE04EC0-301F-11D3-BF4B-00C04F79EFBC}") = "SMM.UnitTests", "..\..\tests\SMM.UnitTests\SMM.UnitTests.csproj", "{FF307C00-588D-4E7F-BD8D-51A3D5F70166}"
EndProject
Project("{FAE04EC0-301F-11D3-BF4B-00C04F79EFBC}") = "SMM.IntegrationTests", "..\..\tests\SMM.IntegrationTests\SMM.IntegrationTests.csproj", "{E714D704-5D6E-4279-9E62-1546AF61DCB9}"
EndProject
Global
	GlobalSection(SolutionConfigurationPlatforms) = preSolution
		Debug|Any CPU = Debug|Any CPU
		Release|Any CPU = Release|Any CPU
	EndGlobalSection
	GlobalSection(ProjectConfigurationPlatforms) = postSolution
		{56AE8F7A-8F19-469F-AF50-12D132447A99}.Debug|Any CPU.ActiveCfg = Debug|Any CPU
		{56AE8F7A-8F19-469F-AF50-12D132447A99}.Debug|Any CPU.Build.0 = Debug|Any CPU
		{56AE8F7A-8F19-469F-AF50-12D132447A99}.Release|Any CPU.ActiveCfg = Release|Any CPU
		{56AE8F7A-8F19-469F-AF50-12D132447A99}.Release|Any CPU.Build.0 = Release|Any CPU
		{FF307C00-588D-4E7F-BD8D-51A3D5F70166}.Debug|Any CPU.ActiveCfg = Debug|Any CPU
		{FF307C00-588D-4E7F-BD8D-51A3D5F70166}.Debug|Any CPU.Build.0 = Debug|Any CPU
		{FF307C00-588D-4E7F-BD8D-51A3D5F70166}.Release|Any CPU.ActiveCfg = Release|Any CPU
		{FF307C00-588D-4E7F-BD8D-51A3D5F70166}.Release|Any CPU.Build.0 = Release|Any CPU
		{E714D704-5D6E-4279-9E62-1546AF61DCB9}.Debug|Any CPU.ActiveCfg = Debug|Any CPU
		{E714D704-5D6E-4279-9E62-1546AF61DCB9}.Debug|Any CPU.Build.0 = Debug|Any CPU
		{E714D704-5D6E-4279-9E62-1546AF61DCB9}.Release|Any CPU.ActiveCfg = Release|Any CPU
		{E714D704-5D6E-4279-9E62-1546AF61DCB9}.Release|Any CPU.Build.0 = Release|Any CPU
	EndGlobalSection
	GlobalSection(SolutionProperties) = preSolution
		HideSolutionNode = FALSE
	EndGlobalSection
	GlobalSection(ExtensibilityGlobals) = postSolution
		SolutionGuid = {6D74BBDF-AD49-4377-837E-9D3F82154FD1}
	EndGlobalSection
EndGlobal
